
Microsoft Visual Studio Solution File, Format Version 12.00
# Visual Studio Version 17
VisualStudioVersion = 17.5.33530.505
MinimumVisualStudioVersion = 10.0.40219.1
Project("{FAE04EC0-301F-11D3-BF4B-00C04F79EFBC}") = "RateApp", "RateApp\RateApp\RateApp.csproj", "{60ADC363-F4C7-4C74-8E30-3ECE4ED861F2}"
EndProject
Project("{FAE04EC0-301F-11D3-BF4B-00C04F79EFBC}") = "RateApp.Android", "RateApp\RateApp.Android\RateApp.Android.csproj", "{DFAC5F89-C063-45AE-A31F-EB023F9D6679}"
EndProject
Project("{FAE04EC0-301F-11D3-BF4B-00C04F79EFBC}") = "RateApp.iOS", "RateApp\RateApp.iOS\RateApp.iOS.csproj", "{8D83A17B-0C4C-4150-8FC1-0A468ED87EFA}"
EndProject
Project("{FAE04EC0-301F-11D3-BF4B-00C04F79EFBC}") = "RateApp.UWP", "RateApp\RateApp.UWP\RateApp.UWP.csproj", "{2D264050-9322-4082-814E-06E59C2E9D29}"
EndProject
Global
	GlobalSection(SolutionConfigurationPlatforms) = preSolution
		Ad-Hoc|Any CPU = Ad-Hoc|Any CPU
		Ad-Hoc|ARM = Ad-Hoc|ARM
		Ad-Hoc|iPhone = Ad-Hoc|iPhone
		Ad-Hoc|iPhoneSimulator = Ad-Hoc|iPhoneSimulator
		Ad-Hoc|x64 = Ad-Hoc|x64
		Ad-Hoc|x86 = Ad-Hoc|x86
		AppStore|Any CPU = AppStore|Any CPU
		AppStore|ARM = AppStore|ARM
		AppStore|iPhone = AppStore|iPhone
		AppStore|iPhoneSimulator = AppStore|iPhoneSimulator
		AppStore|x64 = AppStore|x64
		AppStore|x86 = AppStore|x86
		Debug|Any CPU = Debug|Any CPU
		Debug|ARM = Debug|ARM
		Debug|iPhone = Debug|iPhone
		Debug|iPhoneSimulator = Debug|iPhoneSimulator
		Debug|x64 = Debug|x64
		Debug|x86 = Debug|x86
		Release|Any CPU = Release|Any CPU
		Release|ARM = Release|ARM
		Release|iPhone = Release|iPhone
		Release|iPhoneSimulator = Release|iPhoneSimulator
		Release|x64 = Release|x64
		Release|x86 = Release|x86
	EndGlobalSection
	GlobalSection(ProjectConfigurationPlatforms) = postSolution
		{60ADC363-F4C7-4C74-8E30-3ECE4ED861F2}.Ad-Hoc|Any CPU.ActiveCfg = Debug|Any CPU
		{60ADC363-F4C7-4C74-8E30-3ECE4ED861F2}.Ad-Hoc|Any CPU.Build.0 = Debug|Any CPU
		{60ADC363-F4C7-4C74-8E30-3ECE4ED861F2}.Ad-Hoc|ARM.ActiveCfg = Debug|Any CPU
		{60ADC363-F4C7-4C74-8E30-3ECE4ED861F2}.Ad-Hoc|ARM.Build.0 = Debug|Any CPU
		{60ADC363-F4C7-4C74-8E30-3ECE4ED861F2}.Ad-Hoc|iPhone.ActiveCfg = Debug|Any CPU
		{60ADC363-F4C7-4C74-8E30-3ECE4ED861F2}.Ad-Hoc|iPhone.Build.0 = Debug|Any CPU
		{60ADC363-F4C7-4C74-8E30-3ECE4ED861F2}.Ad-Hoc|iPhoneSimulator.ActiveCfg = Debug|Any CPU
		{60ADC363-F4C7-4C74-8E30-3ECE4ED861F2}.Ad-Hoc|iPhoneSimulator.Build.0 = Debug|Any CPU
		{60ADC363-F4C7-4C74-8E30-3ECE4ED861F2}.Ad-Hoc|x64.ActiveCfg = Debug|Any CPU
		{60ADC363-F4C7-4C74-8E30-3ECE4ED861F2}.Ad-Hoc|x64.Build.0 = Debug|Any CPU
		{60ADC363-F4C7-4C74-8E30-3ECE4ED861F2}.Ad-Hoc|x86.ActiveCfg = Debug|Any CPU
		{60ADC363-F4C7-4C74-8E30-3ECE4ED861F2}.Ad-Hoc|x86.Build.0 = Debug|Any CPU
		{60ADC363-F4C7-4C74-8E30-3ECE4ED861F2}.AppStore|Any CPU.ActiveCfg = Debug|Any CPU
		{60ADC363-F4C7-4C74-8E30-3ECE4ED861F2}.AppStore|Any CPU.Build.0 = Debug|Any CPU
		{60ADC363-F4C7-4C74-8E30-3ECE4ED861F2}.AppStore|ARM.ActiveCfg = Debug|Any CPU
		{60ADC363-F4C7-4C74-8E30-3ECE4ED861F2}.AppStore|ARM.Build.0 = Debug|Any CPU
		{60ADC363-F4C7-4C74-8E30-3ECE4ED861F2}.AppStore|iPhone.ActiveCfg = Debug|Any CPU
		{60ADC363-F4C7-4C74-8E30-3ECE4ED861F2}.AppStore|iPhone.Build.0 = Debug|Any CPU
		{60ADC363-F4C7-4C74-8E30-3ECE4ED861F2}.AppStore|iPhoneSimulator.ActiveCfg = Debug|Any CPU
		{60ADC363-F4C7-4C74-8E30-3ECE4ED861F2}.AppStore|iPhoneSimulator.Build.0 = Debug|Any CPU
		{60ADC363-F4C7-4C74-8E30-3ECE4ED861F2}.AppStore|x64.ActiveCfg = Debug|Any CPU
		{60ADC363-F4C7-4C74-8E30-3ECE4ED861F2}.AppStore|x64.Build.0 = Debug|Any CPU
		{60ADC363-F4C7-4C74-8E30-3ECE4ED861F2}.AppStore|x86.ActiveCfg = Debug|Any CPU
		{60ADC363-F4C7-4C74-8E30-3ECE4ED861F2}.AppStore|x86.Build.0 = Debug|Any CPU
		{60ADC363-F4C7-4C74-8E30-3ECE4ED861F2}.Debug|Any CPU.ActiveCfg = Debug|Any CPU
		{60ADC363-F4C7-4C74-8E30-3ECE4ED861F2}.Debug|Any CPU.Build.0 = Debug|Any CPU
		{60ADC363-F4C7-4C74-8E30-3ECE4ED861F2}.Debug|ARM.ActiveCfg = Debug|Any CPU
		{60ADC363-F4C7-4C74-8E30-3ECE4ED861F2}.Debug|ARM.Build.0 = Debug|Any CPU
		{60ADC363-F4C7-4C74-8E30-3ECE4ED861F2}.Debug|iPhone.ActiveCfg = Debug|Any CPU
		{60ADC363-F4C7-4C74-8E30-3ECE4ED861F2}.Debug|iPhone.Build.0 = Debug|Any CPU
		{60ADC363-F4C7-4C74-8E30-3ECE4ED861F2}.Debug|iPhoneSimulator.ActiveCfg = Debug|Any CPU
		{60ADC363-F4C7-4C74-8E30-3ECE4ED861F2}.Debug|iPhoneSimulator.Build.0 = Debug|Any CPU
		{60ADC363-F4C7-4C74-8E30-3ECE4ED861F2}.Debug|x64.ActiveCfg = Debug|Any CPU
		{60ADC363-F4C7-4C74-8E30-3ECE4ED861F2}.Debug|x64.Build.0 = Debug|Any CPU
		{60ADC363-F4C7-4C74-8E30-3ECE4ED861F2}.Debug|x86.ActiveCfg = Debug|Any CPU
		{60ADC363-F4C7-4C74-8E30-3ECE4ED861F2}.Debug|x86.Build.0 = Debug|Any CPU
		{60ADC363-F4C7-4C74-8E30-3ECE4ED861F2}.Release|Any CPU.ActiveCfg = Release|Any CPU
		{60ADC363-F4C7-4C74-8E30-3ECE4ED861F2}.Release|Any CPU.Build.0 = Release|Any CPU
		{60ADC363-F4C7-4C74-8E30-3ECE4ED861F2}.Release|ARM.ActiveCfg = Release|Any CPU
		{60ADC363-F4C7-4C74-8E30-3ECE4ED861F2}.Release|ARM.Build.0 = Release|Any CPU
		{60ADC363-F4C7-4C74-8E30-3ECE4ED861F2}.Release|iPhone.ActiveCfg = Release|Any CPU
		{60ADC363-F4C7-4C74-8E30-3ECE4ED861F2}.Release|iPhone.Build.0 = Release|Any CPU
		{60ADC363-F4C7-4C74-8E30-3ECE4ED861F2}.Release|iPhoneSimulator.ActiveCfg = Release|Any CPU
		{60ADC363-F4C7-4C74-8E30-3ECE4ED861F2}.Release|iPhoneSimulator.Build.0 = Release|Any CPU
		{60ADC363-F4C7-4C74-8E30-3ECE4ED861F2}.Release|x64.ActiveCfg = Release|Any CPU
		{60ADC363-F4C7-4C74-8E30-3ECE4ED861F2}.Release|x64.Build.0 = Release|Any CPU
		{60ADC363-F4C7-4C74-8E30-3ECE4ED861F2}.Release|x86.ActiveCfg = Release|Any CPU
		{60ADC363-F4C7-4C74-8E30-3ECE4ED861F2}.Release|x86.Build.0 = Release|Any CPU
		{DFAC5F89-C063-45AE-A31F-EB023F9D6679}.Ad-Hoc|Any CPU.ActiveCfg = Debug|Any CPU
		{DFAC5F89-C063-45AE-A31F-EB023F9D6679}.Ad-Hoc|Any CPU.Build.0 = Debug|Any CPU
		{DFAC5F89-C063-45AE-A31F-EB023F9D6679}.Ad-Hoc|Any CPU.Deploy.0 = Debug|Any CPU
		{DFAC5F89-C063-45AE-A31F-EB023F9D6679}.Ad-Hoc|ARM.ActiveCfg = Debug|Any CPU
		{DFAC5F89-C063-45AE-A31F-EB023F9D6679}.Ad-Hoc|ARM.Build.0 = Debug|Any CPU
		{DFAC5F89-C063-45AE-A31F-EB023F9D6679}.Ad-Hoc|ARM.Deploy.0 = Debug|Any CPU
		{DFAC5F89-C063-45AE-A31F-EB023F9D6679}.Ad-Hoc|iPhone.ActiveCfg = Debug|Any CPU
		{DFAC5F89-C063-45AE-A31F-EB023F9D6679}.Ad-Hoc|iPhone.Build.0 = Debug|Any CPU
		{DFAC5F89-C063-45AE-A31F-EB023F9D6679}.Ad-Hoc|iPhone.Deploy.0 = Debug|Any CPU
		{DFAC5F89-C063-45AE-A31F-EB023F9D6679}.Ad-Hoc|iPhoneSimulator.ActiveCfg = Debug|Any CPU
		{DFAC5F89-C063-45AE-A31F-EB023F9D6679}.Ad-Hoc|iPhoneSimulator.Build.0 = Debug|Any CPU
		{DFAC5F89-C063-45AE-A31F-EB023F9D6679}.Ad-Hoc|iPhoneSimulator.Deploy.0 = Debug|Any CPU
		{DFAC5F89-C063-45AE-A31F-EB023F9D6679}.Ad-Hoc|x64.ActiveCfg = Debug|Any CPU
		{DFAC5F89-C063-45AE-A31F-EB023F9D6679}.Ad-Hoc|x64.Build.0 = Debug|Any CPU
		{DFAC5F89-C063-45AE-A31F-EB023F9D6679}.Ad-Hoc|x64.Deploy.0 = Debug|Any CPU
		{DFAC5F89-C063-45AE-A31F-EB023F9D6679}.Ad-Hoc|x86.ActiveCfg = Debug|Any CPU
		{DFAC5F89-C063-45AE-A31F-EB023F9D6679}.Ad-Hoc|x86.Build.0 = Debug|Any CPU
		{DFAC5F89-C063-45AE-A31F-EB023F9D6679}.Ad-Hoc|x86.Deploy.0 = Debug|Any CPU
		{DFAC5F89-C063-45AE-A31F-EB023F9D6679}.AppStore|Any CPU.ActiveCfg = Debug|Any CPU
		{DFAC5F89-C063-45AE-A31F-EB023F9D6679}.AppStore|Any CPU.Build.0 = Debug|Any CPU
		{DFAC5F89-C063-45AE-A31F-EB023F9D6679}.AppStore|Any CPU.Deploy.0 = Debug|Any CPU
		{DFAC5F89-C063-45AE-A31F-EB023F9D6679}.AppStore|ARM.ActiveCfg = Debug|Any CPU
		{DFAC5F89-C063-45AE-A31F-EB023F9D6679}.AppStore|ARM.Build.0 = Debug|Any CPU
		{DFAC5F89-C063-45AE-A31F-EB023F9D6679}.AppStore|ARM.Deploy.0 = Debug|Any CPU
		{DFAC5F89-C063-45AE-A31F-EB023F9D6679}.AppStore|iPhone.ActiveCfg = Debug|Any CPU
		{DFAC5F89-C063-45AE-A31F-EB023F9D6679}.AppStore|iPhone.Build.0 = Debug|Any CPU
		{DFAC5F89-C063-45AE-A31F-EB023F9D6679}.AppStore|iPhone.Deploy.0 = Debug|Any CPU
		{DFAC5F89-C063-45AE-A31F-EB023F9D6679}.AppStore|iPhoneSimulator.ActiveCfg = Debug|Any CPU
		{DFAC5F89-C063-45AE-A31F-EB023F9D6679}.AppStore|iPhoneSimulator.Build.0 = Debug|Any CPU
		{DFAC5F89-C063-45AE-A31F-EB023F9D6679}.AppStore|iPhoneSimulator.Deploy.0 = Debug|Any CPU
		{DFAC5F89-C063-45AE-A31F-EB023F9D6679}.AppStore|x64.ActiveCfg = Debug|Any CPU
		{DFAC5F89-C063-45AE-A31F-EB023F9D6679}.AppStore|x64.Build.0 = Debug|Any CPU
		{DFAC5F89-C063-45AE-A31F-EB023F9D6679}.AppStore|x64.Deploy.0 = Debug|Any CPU
		{DFAC5F89-C063-45AE-A31F-EB023F9D6679}.AppStore|x86.ActiveCfg = Debug|Any CPU
		{DFAC5F89-C063-45AE-A31F-EB023F9D6679}.AppStore|x86.Build.0 = Debug|Any CPU
		{DFAC5F89-C063-45AE-A31F-EB023F9D6679}.AppStore|x86.Deploy.0 = Debug|Any CPU
		{DFAC5F89-C063-45AE-A31F-EB023F9D6679}.Debug|Any CPU.ActiveCfg = Debug|Any CPU
		{DFAC5F89-C063-45AE-A31F-EB023F9D6679}.Debug|Any CPU.Build.0 = Debug|Any CPU
		{DFAC5F89-C063-45AE-A31F-EB023F9D6679}.Debug|Any CPU.Deploy.0 = Debug|Any CPU
		{DFAC5F89-C063-45AE-A31F-EB023F9D6679}.Debug|ARM.ActiveCfg = Debug|Any CPU
		{DFAC5F89-C063-45AE-A31F-EB023F9D6679}.Debug|ARM.Build.0 = Debug|Any CPU
		{DFAC5F89-C063-45AE-A31F-EB023F9D6679}.Debug|ARM.Deploy.0 = Debug|Any CPU
		{DFAC5F89-C063-45AE-A31F-EB023F9D6679}.Debug|iPhone.ActiveCfg = Debug|Any CPU
		{DFAC5F89-C063-45AE-A31F-EB023F9D6679}.Debug|iPhone.Build.0 = Debug|Any CPU
		{DFAC5F89-C063-45AE-A31F-EB023F9D6679}.Debug|iPhone.Deploy.0 = Debug|Any CPU
		{DFAC5F89-C063-45AE-A31F-EB023F9D6679}.Debug|iPhoneSimulator.ActiveCfg = Debug|Any CPU
		{DFAC5F89-C063-45AE-A31F-EB023F9D6679}.Debug|iPhoneSimulator.Build.0 = Debug|Any CPU
		{DFAC5F89-C063-45AE-A31F-EB023F9D6679}.Debug|iPhoneSimulator.Deploy.0 = Debug|Any CPU
		{DFAC5F89-C063-45AE-A31F-EB023F9D6679}.Debug|x64.ActiveCfg = Debug|Any CPU
		{DFAC5F89-C063-45AE-A31F-EB023F9D6679}.Debug|x64.Build.0 = Debug|Any CPU
		{DFAC5F89-C063-45AE-A31F-EB023F9D6679}.Debug|x64.Deploy.0 = Debug|Any CPU
		{DFAC5F89-C063-45AE-A31F-EB023F9D6679}.Debug|x86.ActiveCfg = Debug|Any CPU
		{DFAC5F89-C063-45AE-A31F-EB023F9D6679}.Debug|x86.Build.0 = Debug|Any CPU
		{DFAC5F89-C063-45AE-A31F-EB023F9D6679}.Debug|x86.Deploy.0 = Debug|Any CPU
		{DFAC5F89-C063-45AE-A31F-EB023F9D6679}.Release|Any CPU.ActiveCfg = Release|Any CPU
		{DFAC5F89-C063-45AE-A31F-EB023F9D6679}.Release|Any CPU.Build.0 = Release|Any CPU
		{DFAC5F89-C063-45AE-A31F-EB023F9D6679}.Release|Any CPU.Deploy.0 = Release|Any CPU
		{DFAC5F89-C063-45AE-A31F-EB023F9D6679}.Release|ARM.ActiveCfg = Release|Any CPU
		{DFAC5F89-C063-45AE-A31F-EB023F9D6679}.Release|ARM.Build.0 = Release|Any CPU
		{DFAC5F89-C063-45AE-A31F-EB023F9D6679}.Release|ARM.Deploy.0 = Release|Any CPU
		{DFAC5F89-C063-45AE-A31F-EB023F9D6679}.Release|iPhone.ActiveCfg = Release|Any CPU
		{DFAC5F89-C063-45AE-A31F-EB023F9D6679}.Release|iPhone.Build.0 = Release|Any CPU
		{DFAC5F89-C063-45AE-A31F-EB023F9D6679}.Release|iPhone.Deploy.0 = Release|Any CPU
		{DFAC5F89-C063-45AE-A31F-EB023F9D6679}.Release|iPhoneSimulator.ActiveCfg = Release|Any CPU
		{DFAC5F89-C063-45AE-A31F-EB023F9D6679}.Release|iPhoneSimulator.Build.0 = Release|Any CPU
		{DFAC5F89-C063-45AE-A31F-EB023F9D6679}.Release|iPhoneSimulator.Deploy.0 = Release|Any CPU
		{DFAC5F89-C063-45AE-A31F-EB023F9D6679}.Release|x64.ActiveCfg = Release|Any CPU
		{DFAC5F89-C063-45AE-A31F-EB023F9D6679}.Release|x64.Build.0 = Release|Any CPU
		{DFAC5F89-C063-45AE-A31F-EB023F9D6679}.Release|x64.Deploy.0 = Release|Any CPU
		{DFAC5F89-C063-45AE-A31F-EB023F9D6679}.Release|x86.ActiveCfg = Release|Any CPU
		{DFAC5F89-C063-45AE-A31F-EB023F9D6679}.Release|x86.Build.0 = Release|Any CPU
		{DFAC5F89-C063-45AE-A31F-EB023F9D6679}.Release|x86.Deploy.0 = Release|Any CPU
		{8D83A17B-0C4C-4150-8FC1-0A468ED87EFA}.Ad-Hoc|Any CPU.ActiveCfg = Ad-Hoc|iPhoneSimulator
		{8D83A17B-0C4C-4150-8FC1-0A468ED87EFA}.Ad-Hoc|Any CPU.Build.0 = Ad-Hoc|iPhoneSimulator
		{8D83A17B-0C4C-4150-8FC1-0A468ED87EFA}.Ad-Hoc|ARM.ActiveCfg = Ad-Hoc|iPhoneSimulator
		{8D83A17B-0C4C-4150-8FC1-0A468ED87EFA}.Ad-Hoc|ARM.Build.0 = Ad-Hoc|iPhoneSimulator
		{8D83A17B-0C4C-4150-8FC1-0A468ED87EFA}.Ad-Hoc|iPhone.ActiveCfg = Ad-Hoc|iPhone
		{8D83A17B-0C4C-4150-8FC1-0A468ED87EFA}.Ad-Hoc|iPhone.Build.0 = Ad-Hoc|iPhone
		{8D83A17B-0C4C-4150-8FC1-0A468ED87EFA}.Ad-Hoc|iPhoneSimulator.ActiveCfg = Ad-Hoc|iPhoneSimulator
		{8D83A17B-0C4C-4150-8FC1-0A468ED87EFA}.Ad-Hoc|iPhoneSimulator.Build.0 = Ad-Hoc|iPhoneSimulator
		{8D83A17B-0C4C-4150-8FC1-0A468ED87EFA}.Ad-Hoc|x64.ActiveCfg = Ad-Hoc|iPhoneSimulator
		{8D83A17B-0C4C-4150-8FC1-0A468ED87EFA}.Ad-Hoc|x64.Build.0 = Ad-Hoc|iPhoneSimulator
		{8D83A17B-0C4C-4150-8FC1-0A468ED87EFA}.Ad-Hoc|x86.ActiveCfg = Ad-Hoc|iPhoneSimulator
		{8D83A17B-0C4C-4150-8FC1-0A468ED87EFA}.Ad-Hoc|x86.Build.0 = Ad-Hoc|iPhoneSimulator
		{8D83A17B-0C4C-4150-8FC1-0A468ED87EFA}.AppStore|Any CPU.ActiveCfg = AppStore|iPhoneSimulator
		{8D83A17B-0C4C-4150-8FC1-0A468ED87EFA}.AppStore|Any CPU.Build.0 = AppStore|iPhoneSimulator
		{8D83A17B-0C4C-4150-8FC1-0A468ED87EFA}.AppStore|ARM.ActiveCfg = AppStore|iPhoneSimulator
		{8D83A17B-0C4C-4150-8FC1-0A468ED87EFA}.AppStore|ARM.Build.0 = AppStore|iPhoneSimulator
		{8D83A17B-0C4C-4150-8FC1-0A468ED87EFA}.AppStore|iPhone.ActiveCfg = AppStore|iPhone
		{8D83A17B-0C4C-4150-8FC1-0A468ED87EFA}.AppStore|iPhone.Build.0 = AppStore|iPhone
		{8D83A17B-0C4C-4150-8FC1-0A468ED87EFA}.AppStore|iPhoneSimulator.ActiveCfg = AppStore|iPhoneSimulator
		{8D83A17B-0C4C-4150-8FC1-0A468ED87EFA}.AppStore|iPhoneSimulator.Build.0 = AppStore|iPhoneSimulator
		{8D83A17B-0C4C-4150-8FC1-0A468ED87EFA}.AppStore|x64.ActiveCfg = AppStore|iPhoneSimulator
		{8D83A17B-0C4C-4150-8FC1-0A468ED87EFA}.AppStore|x64.Build.0 = AppStore|iPhoneSimulator
		{8D83A17B-0C4C-4150-8FC1-0A468ED87EFA}.AppStore|x86.ActiveCfg = AppStore|iPhoneSimulator
		{8D83A17B-0C4C-4150-8FC1-0A468ED87EFA}.AppStore|x86.Build.0 = AppStore|iPhoneSimulator
		{8D83A17B-0C4C-4150-8FC1-0A468ED87EFA}.Debug|Any CPU.ActiveCfg = Debug|iPhoneSimulator
		{8D83A17B-0C4C-4150-8FC1-0A468ED87EFA}.Debug|Any CPU.Build.0 = Debug|iPhoneSimulator
		{8D83A17B-0C4C-4150-8FC1-0A468ED87EFA}.Debug|ARM.ActiveCfg = Debug|iPhoneSimulator
		{8D83A17B-0C4C-4150-8FC1-0A468ED87EFA}.Debug|ARM.Build.0 = Debug|iPhoneSimulator
		{8D83A17B-0C4C-4150-8FC1-0A468ED87EFA}.Debug|iPhone.ActiveCfg = Debug|iPhone
		{8D83A17B-0C4C-4150-8FC1-0A468ED87EFA}.Debug|iPhone.Build.0 = Debug|iPhone
		{8D83A17B-0C4C-4150-8FC1-0A468ED87EFA}.Debug|iPhoneSimulator.ActiveCfg = Debug|iPhoneSimulator
		{8D83A17B-0C4C-4150-8FC1-0A468ED87EFA}.Debug|iPhoneSimulator.Build.0 = Debug|iPhoneSimulator
		{8D83A17B-0C4C-4150-8FC1-0A468ED87EFA}.Debug|x64.ActiveCfg = Debug|iPhoneSimulator
		{8D83A17B-0C4C-4150-8FC1-0A468ED87EFA}.Debug|x64.Build.0 = Debug|iPhoneSimulator
		{8D83A17B-0C4C-4150-8FC1-0A468ED87EFA}.Debug|x86.ActiveCfg = Debug|iPhoneSimulator
		{8D83A17B-0C4C-4150-8FC1-0A468ED87EFA}.Debug|x86.Build.0 = Debug|iPhoneSimulator
		{8D83A17B-0C4C-4150-8FC1-0A468ED87EFA}.Release|Any CPU.ActiveCfg = Release|iPhoneSimulator
		{8D83A17B-0C4C-4150-8FC1-0A468ED87EFA}.Release|Any CPU.Build.0 = Release|iPhoneSimulator
		{8D83A17B-0C4C-4150-8FC1-0A468ED87EFA}.Release|ARM.ActiveCfg = Release|iPhoneSimulator
		{8D83A17B-0C4C-4150-8FC1-0A468ED87EFA}.Release|ARM.Build.0 = Release|iPhoneSimulator
		{8D83A17B-0C4C-4150-8FC1-0A468ED87EFA}.Release|iPhone.ActiveCfg = Release|iPhone
		{8D83A17B-0C4C-4150-8FC1-0A468ED87EFA}.Release|iPhone.Build.0 = Release|iPhone
		{8D83A17B-0C4C-4150-8FC1-0A468ED87EFA}.Release|iPhoneSimulator.ActiveCfg = Release|iPhoneSimulator
		{8D83A17B-0C4C-4150-8FC1-0A468ED87EFA}.Release|iPhoneSimulator.Build.0 = Release|iPhoneSimulator
		{8D83A17B-0C4C-4150-8FC1-0A468ED87EFA}.Release|x64.ActiveCfg = Release|iPhoneSimulator
		{8D83A17B-0C4C-4150-8FC1-0A468ED87EFA}.Release|x64.Build.0 = Release|iPhoneSimulator
		{8D83A17B-0C4C-4150-8FC1-0A468ED87EFA}.Release|x86.ActiveCfg = Release|iPhoneSimulator
		{8D83A17B-0C4C-4150-8FC1-0A468ED87EFA}.Release|x86.Build.0 = Release|iPhoneSimulator
		{2D264050-9322-4082-814E-06E59C2E9D29}.Ad-Hoc|Any CPU.ActiveCfg = Debug|x64
		{2D264050-9322-4082-814E-06E59C2E9D29}.Ad-Hoc|Any CPU.Build.0 = Debug|x64
		{2D264050-9322-4082-814E-06E59C2E9D29}.Ad-Hoc|Any CPU.Deploy.0 = Debug|x64
		{2D264050-9322-4082-814E-06E59C2E9D29}.Ad-Hoc|ARM.ActiveCfg = Debug|ARM
		{2D264050-9322-4082-814E-06E59C2E9D29}.Ad-Hoc|ARM.Build.0 = Debug|ARM
		{2D264050-9322-4082-814E-06E59C2E9D29}.Ad-Hoc|ARM.Deploy.0 = Debug|ARM
		{2D264050-9322-4082-814E-06E59C2E9D29}.Ad-Hoc|iPhone.ActiveCfg = Debug|x64
		{2D264050-9322-4082-814E-06E59C2E9D29}.Ad-Hoc|iPhone.Build.0 = Debug|x64
		{2D264050-9322-4082-814E-06E59C2E9D29}.Ad-Hoc|iPhone.Deploy.0 = Debug|x64
		{2D264050-9322-4082-814E-06E59C2E9D29}.Ad-Hoc|iPhoneSimulator.ActiveCfg = Debug|x64
		{2D264050-9322-4082-814E-06E59C2E9D29}.Ad-Hoc|iPhoneSimulator.Build.0 = Debug|x64
		{2D264050-9322-4082-814E-06E59C2E9D29}.Ad-Hoc|iPhoneSimulator.Deploy.0 = Debug|x64
		{2D264050-9322-4082-814E-06E59C2E9D29}.Ad-Hoc|x64.ActiveCfg = Debug|x64
		{2D264050-9322-4082-814E-06E59C2E9D29}.Ad-Hoc|x64.Build.0 = Debug|x64
		{2D264050-9322-4082-814E-06E59C2E9D29}.Ad-Hoc|x64.Deploy.0 = Debug|x64
		{2D264050-9322-4082-814E-06E59C2E9D29}.Ad-Hoc|x86.ActiveCfg = Debug|x86
		{2D264050-9322-4082-814E-06E59C2E9D29}.Ad-Hoc|x86.Build.0 = Debug|x86
		{2D264050-9322-4082-814E-06E59C2E9D29}.Ad-Hoc|x86.Deploy.0 = Debug|x86
		{2D264050-9322-4082-814E-06E59C2E9D29}.AppStore|Any CPU.ActiveCfg = Debug|x64
		{2D264050-9322-4082-814E-06E59C2E9D29}.AppStore|Any CPU.Build.0 = Debug|x64
		{2D264050-9322-4082-814E-06E59C2E9D29}.AppStore|Any CPU.Deploy.0 = Debug|x64
		{2D264050-9322-4082-814E-06E59C2E9D29}.AppStore|ARM.ActiveCfg = Debug|ARM
		{2D264050-9322-4082-814E-06E59C2E9D29}.AppStore|ARM.Build.0 = Debug|ARM
		{2D264050-9322-4082-814E-06E59C2E9D29}.AppStore|ARM.Deploy.0 = Debug|ARM
		{2D264050-9322-4082-814E-06E59C2E9D29}.AppStore|iPhone.ActiveCfg = Debug|x64
		{2D264050-9322-4082-814E-06E59C2E9D29}.AppStore|iPhone.Build.0 = Debug|x64
		{2D264050-9322-4082-814E-06E59C2E9D29}.AppStore|iPhone.Deploy.0 = Debug|x64
		{2D264050-9322-4082-814E-06E59C2E9D29}.AppStore|iPhoneSimulator.ActiveCfg = Debug|x64
		{2D264050-9322-4082-814E-06E59C2E9D29}.AppStore|iPhoneSimulator.Build.0 = Debug|x64
		{2D264050-9322-4082-814E-06E59C2E9D29}.AppStore|iPhoneSimulator.Deploy.0 = Debug|x64
		{2D264050-9322-4082-814E-06E59C2E9D29}.AppStore|x64.ActiveCfg = Debug|x64
		{2D264050-9322-4082-814E-06E59C2E9D29}.AppStore|x64.Build.0 = Debug|x64
		{2D264050-9322-4082-814E-06E59C2E9D29}.AppStore|x64.Deploy.0 = Debug|x64
		{2D264050-9322-4082-814E-06E59C2E9D29}.AppStore|x86.ActiveCfg = Debug|x86
		{2D264050-9322-4082-814E-06E59C2E9D29}.AppStore|x86.Build.0 = Debug|x86
		{2D264050-9322-4082-814E-06E59C2E9D29}.AppStore|x86.Deploy.0 = Debug|x86
		{2D264050-9322-4082-814E-06E59C2E9D29}.Debug|Any CPU.ActiveCfg = Debug|x64
		{2D264050-9322-4082-814E-06E59C2E9D29}.Debug|Any CPU.Build.0 = Debug|x64
		{2D264050-9322-4082-814E-06E59C2E9D29}.Debug|Any CPU.Deploy.0 = Debug|x64
		{2D264050-9322-4082-814E-06E59C2E9D29}.Debug|ARM.ActiveCfg = Debug|ARM
		{2D264050-9322-4082-814E-06E59C2E9D29}.Debug|ARM.Build.0 = Debug|ARM
		{2D264050-9322-4082-814E-06E59C2E9D29}.Debug|ARM.Deploy.0 = Debug|ARM
		{2D264050-9322-4082-814E-06E59C2E9D29}.Debug|iPhone.ActiveCfg = Debug|x64
		{2D264050-9322-4082-814E-06E59C2E9D29}.Debug|iPhone.Build.0 = Debug|x64
		{2D264050-9322-4082-814E-06E59C2E9D29}.Debug|iPhone.Deploy.0 = Debug|x64
		{2D264050-9322-4082-814E-06E59C2E9D29}.Debug|iPhoneSimulator.ActiveCfg = Debug|x64
		{2D264050-9322-4082-814E-06E59C2E9D29}.Debug|iPhoneSimulator.Build.0 = Debug|x64
		{2D264050-9322-4082-814E-06E59C2E9D29}.Debug|iPhoneSimulator.Deploy.0 = Debug|x64
		{2D264050-9322-4082-814E-06E59C2E9D29}.Debug|x64.ActiveCfg = Debug|x64
		{2D264050-9322-4082-814E-06E59C2E9D29}.Debug|x64.Build.0 = Debug|x64
		{2D264050-9322-4082-814E-06E59C2E9D29}.Debug|x64.Deploy.0 = Debug|x64
		{2D264050-9322-4082-814E-06E59C2E9D29}.Debug|x86.ActiveCfg = Debug|x86
		{2D264050-9322-4082-814E-06E59C2E9D29}.Debug|x86.Build.0 = Debug|x86
		{2D264050-9322-4082-814E-06E59C2E9D29}.Debug|x86.Deploy.0 = Debug|x86
		{2D264050-9322-4082-814E-06E59C2E9D29}.Release|Any CPU.ActiveCfg = Release|x64
		{2D264050-9322-4082-814E-06E59C2E9D29}.Release|Any CPU.Build.0 = Release|x64
		{2D264050-9322-4082-814E-06E59C2E9D29}.Release|Any CPU.Deploy.0 = Release|x64
		{2D264050-9322-4082-814E-06E59C2E9D29}.Release|ARM.ActiveCfg = Release|ARM
		{2D264050-9322-4082-814E-06E59C2E9D29}.Release|ARM.Build.0 = Release|ARM
		{2D264050-9322-4082-814E-06E59C2E9D29}.Release|ARM.Deploy.0 = Release|ARM
		{2D264050-9322-4082-814E-06E59C2E9D29}.Release|iPhone.ActiveCfg = Release|x64
		{2D264050-9322-4082-814E-06E59C2E9D29}.Release|iPhone.Build.0 = Release|x64
		{2D264050-9322-4082-814E-06E59C2E9D29}.Release|iPhone.Deploy.0 = Release|x64
		{2D264050-9322-4082-814E-06E59C2E9D29}.Release|iPhoneSimulator.ActiveCfg = Release|x64
		{2D264050-9322-4082-814E-06E59C2E9D29}.Release|iPhoneSimulator.Build.0 = Release|x64
		{2D264050-9322-4082-814E-06E59C2E9D29}.Release|iPhoneSimulator.Deploy.0 = Release|x64
		{2D264050-9322-4082-814E-06E59C2E9D29}.Release|x64.ActiveCfg = Release|x64
		{2D264050-9322-4082-814E-06E59C2E9D29}.Release|x64.Build.0 = Release|x64
		{2D264050-9322-4082-814E-06E59C2E9D29}.Release|x64.Deploy.0 = Release|x64
		{2D264050-9322-4082-814E-06E59C2E9D29}.Release|x86.ActiveCfg = Release|x86
		{2D264050-9322-4082-814E-06E59C2E9D29}.Release|x86.Build.0 = Release|x86
		{2D264050-9322-4082-814E-06E59C2E9D29}.Release|x86.Deploy.0 = Release|x86
	EndGlobalSection
	GlobalSection(SolutionProperties) = preSolution
		HideSolutionNode = FALSE
	EndGlobalSection
	GlobalSection(ExtensibilityGlobals) = postSolution
		SolutionGuid = {DB2AA1FF-2AAD-4600-A50E-EE162F6F3E72}
	EndGlobalSection
EndGlobal
